{
  "name": "Client",
  "version": "0.0.1",
  "lockfileVersion": 1,
  "requires": true,
  "dependencies": {
    "abbrev": {
      "version": "1.1.1",
      "resolved": "https://registry.npmjs.org/abbrev/-/abbrev-1.1.1.tgz",
      "integrity": "sha512-nne9/IiQ/hzIhY6pdDnbBtz7DjPTKrY00P/zvPSm5pOFkl6xuGrGnXn/VtTNNfNtAfZ9/1RtehkszU9qcTii0Q=="
    },
    "balanced-match": {
      "version": "1.0.0",
      "resolved": "https://registry.npmjs.org/balanced-match/-/balanced-match-1.0.0.tgz",
      "integrity": "sha1-ibTRmasr7kneFk6gK4nORi1xt2c="
    },
    "brace-expansion": {
      "version": "1.1.11",
      "resolved": "https://registry.npmjs.org/brace-expansion/-/brace-expansion-1.1.11.tgz",
      "integrity": "sha512-iCuPHDFgrHX7H2vEI/5xpz07zSHB00TpugqhmYtVmMO6518mCuRMoOYFldEBl0g187ufozdaHgWKcYFb61qGiA==",
      "requires": {
        "balanced-match": "^1.0.0",
        "concat-map": "0.0.1"
      }
    },
    "buffer-shims": {
      "version": "1.0.0",
      "resolved": "https://registry.npmjs.org/buffer-shims/-/buffer-shims-1.0.0.tgz",
      "integrity": "sha1-mXjOMXOIxkmth5MCjDR37wRKi1E="
    },
    "complex.js": {
      "version": "2.0.4",
      "resolved": "https://registry.npmjs.org/complex.js/-/complex.js-2.0.4.tgz",
      "integrity": "sha512-Syl95HpxUTS0QjwNxencZsKukgh1zdS9uXeXX2Us0pHaqBR6kiZZi0AkZ9VpZFwHJyVIUVzI4EumjWdXP3fy6w=="
    },
    "concat-map": {
      "version": "0.0.1",
      "resolved": "https://registry.npmjs.org/concat-map/-/concat-map-0.0.1.tgz",
      "integrity": "sha1-2Klr13/Wjfd5OnMDajug1UBdR3s="
    },
    "core-util-is": {
      "version": "1.0.2",
      "resolved": "https://registry.npmjs.org/core-util-is/-/core-util-is-1.0.2.tgz",
      "integrity": "sha1-tf1UIgqivFq1eqtxQMlAdUUDwac="
    },
    "csv": {
      "version": "3.1.0",
      "resolved": "https://registry.npmjs.org/csv/-/csv-3.1.0.tgz",
      "integrity": "sha512-SfnePMkhjljB7ehvubZESGjgrnM7V/gBe5ubZWKxeKwgmTl/HtVCdfSaGRgH/i/vG7qJaSLMpP0krNbAuunRBg==",
      "requires": {
        "csv-generate": "^2.0.2",
        "csv-parse": "^2.4.0",
        "csv-stringify": "^3.0.0",
        "stream-transform": "^1.0.2"
      }
    },
    "csv-generate": {
      "version": "2.1.0",
      "resolved": "https://registry.npmjs.org/csv-generate/-/csv-generate-2.1.0.tgz",
      "integrity": "sha512-avXXdQMta14DhePrX3yvzJHV5VEAhJQwBCwgqcZE7xyNTYGpxcUxmYvOSKQw+CisAjdpfn6/ZUNEJa2W6jDzNg=="
    },
    "csv-parse": {
      "version": "2.5.0",
      "resolved": "https://registry.npmjs.org/csv-parse/-/csv-parse-2.5.0.tgz",
      "integrity": "sha512-4OcjOJQByI0YDU5COYw9HAqjo8/MOLLmT9EKyMCXUzgvh30vS1SlMK+Ho84IH5exN44cSnrYecw/7Zpu2m4lkA=="
    },
    "csv-stringify": {
      "version": "3.1.1",
      "resolved": "https://registry.npmjs.org/csv-stringify/-/csv-stringify-3.1.1.tgz",
      "integrity": "sha512-Ni9r/BdQM2cGnWzwAP09zp12LVOAMHLJ86azNHGC7s4OUo2WidGfcM3QwYEjD8c4ELCL/a4AzfIsVCzroeys+g==",
      "requires": {
        "lodash.get": "~4.4.2"
      }
    },
    "d3-peaks": {
      "version": "0.0.1",
      "resolved": "https://registry.npmjs.org/d3-peaks/-/d3-peaks-0.0.1.tgz",
      "integrity": "sha1-sFzb8fSl0mOok6ryZ/Vn55Gkkps="
    },
    "decimal.js": {
      "version": "9.0.1",
      "resolved": "https://registry.npmjs.org/decimal.js/-/decimal.js-9.0.1.tgz",
      "integrity": "sha512-2h0iKbJwnImBk4TGk7CG1xadoA0g3LDPlQhQzbZ221zvG0p2YVUedbKIPsOZXKZGx6YmZMJKYOalpCMxSdDqTQ=="
    },
    "escape-latex": {
      "version": "1.1.1",
      "resolved": "https://registry.npmjs.org/escape-latex/-/escape-latex-1.1.1.tgz",
      "integrity": "sha512-N2D6Z2kXh8x/pQNQH+natXDCwrzghhXMRII5dZ518mlTLeuba80NL0LCQyaahqOrAidoLivmmG6GKPnGhHse+A=="
    },
    "exit": {
      "version": "0.1.2",
      "resolved": "https://registry.npmjs.org/exit/-/exit-0.1.2.tgz",
      "integrity": "sha1-BjJjj42HfMghB9MKD/8aF8uhzQw="
    },
    "extend": {
      "version": "3.0.2",
      "resolved": "https://registry.npmjs.org/extend/-/extend-3.0.2.tgz",
      "integrity": "sha512-fjquC59cD7CyW6urNXK0FBufkZcoiGG80wTuPujX590cB5Ttln20E2UB4S/WARVqhXffZl2LNgS+gQdPIIim/g=="
    },
    "fraction.js": {
      "version": "4.0.4",
      "resolved": "https://registry.npmjs.org/fraction.js/-/fraction.js-4.0.4.tgz",
      "integrity": "sha512-aK/oGatyYLTtXRHjfEsytX5fieeR5H4s8sLorzcT12taFS+dbMZejnvm9gRa8mZAPwci24ucjq9epDyaq5u8Iw=="
    },
    "fs.realpath": {
      "version": "1.0.0",
      "resolved": "https://registry.npmjs.org/fs.realpath/-/fs.realpath-1.0.0.tgz",
      "integrity": "sha1-FQStJSMVjKpA20onh8sBQRmU6k8="
    },
    "gaussian": {
      "version": "1.1.0",
      "resolved": "https://registry.npmjs.org/gaussian/-/gaussian-1.1.0.tgz",
      "integrity": "sha1-bRN6CX1Nv8ILUvsctdYcRwDt13E="
    },
    "glob": {
      "version": "7.1.3",
      "resolved": "https://registry.npmjs.org/glob/-/glob-7.1.3.tgz",
      "integrity": "sha512-vcfuiIxogLV4DlGBHIUOwI0IbrJ8HWPc4MU7HzviGeNho/UJDfi6B5p3sHeWIQ0KGIU0Jpxi5ZHxemQfLkkAwQ==",
      "requires": {
        "fs.realpath": "^1.0.0",
        "inflight": "^1.0.4",
        "inherits": "2",
        "minimatch": "^3.0.4",
        "once": "^1.3.0",
        "path-is-absolute": "^1.0.0"
      }
    },
    "inflight": {
      "version": "1.0.6",
      "resolved": "https://registry.npmjs.org/inflight/-/inflight-1.0.6.tgz",
      "integrity": "sha1-Sb1jMdfQLQwJvJEKEHW6gWW1bfk=",
      "requires": {
        "once": "^1.3.0",
        "wrappy": "1"
      }
    },
    "inherits": {
      "version": "2.0.3",
      "resolved": "https://registry.npmjs.org/inherits/-/inherits-2.0.3.tgz",
      "integrity": "sha1-Yzwsg+PaQqUC9SRmAiSA9CCCYd4="
    },
    "isarray": {
      "version": "1.0.0",
      "resolved": "https://registry.npmjs.org/isarray/-/isarray-1.0.0.tgz",
      "integrity": "sha1-u5NdSFgsuhaMBoNJV6VKPgcSTxE="
    },
    "javascript-natural-sort": {
      "version": "0.7.1",
      "resolved": "https://registry.npmjs.org/javascript-natural-sort/-/javascript-natural-sort-0.7.1.tgz",
      "integrity": "sha1-+eIwPUUH9tdDVac2ZNFED7Wg71k="
    },
    "jslint": {
      "version": "0.11.0",
      "resolved": "https://registry.npmjs.org/jslint/-/jslint-0.11.0.tgz",
      "integrity": "sha512-8fJpIIYo9+EtR4v+qZxZKsaVQB1L974SWCHcmXLnvtYUQ2PBXZ5NCTSrWolJhYMBaGmrj1OPFnI8avksDQhtRA==",
      "requires": {
        "exit": "~0.1.2",
        "glob": "~7.1.2",
        "nopt": "~3.0.1",
        "readable-stream": "~2.1.5"
      }
    },
    "lodash.get": {
      "version": "4.4.2",
      "resolved": "https://registry.npmjs.org/lodash.get/-/lodash.get-4.4.2.tgz",
      "integrity": "sha1-LRd/ZS+jHpObRDjVNBSZ36OCXpk="
    },
    "lodash.sortby": {
      "version": "4.7.0",
      "resolved": "https://registry.npmjs.org/lodash.sortby/-/lodash.sortby-4.7.0.tgz",
      "integrity": "sha1-7dFMgk4sycHgsKG0K7UhBRakJDg="
    },
    "lodash.zip": {
      "version": "4.2.0",
      "resolved": "https://registry.npmjs.org/lodash.zip/-/lodash.zip-4.2.0.tgz",
      "integrity": "sha1-7GZi5IlkCO1KtsVCo5kLcswIACA="
    },
    "loess": {
      "version": "1.3.5",
      "resolved": "https://registry.npmjs.org/loess/-/loess-1.3.5.tgz",
      "integrity": "sha512-Vh4BV5mNi6FMbPTGRm2E7FFPW8blqzxwoGKT1g5o55d1GvxI+exnMq/CFls4t5QlAqv2bUyXyqOwP0aiF0m6yw==",
      "requires": {
        "gaussian": "^1.0.0",
        "lodash.sortby": "^4.0.2",
        "lodash.zip": "^4.0.0",
        "mathjs": "^3.18.0"
      },
      "dependencies": {
        "mathjs": {
          "version": "3.20.2",
          "resolved": "http://registry.npmjs.org/mathjs/-/mathjs-3.20.2.tgz",
          "integrity": "sha512-3f6/+uf1cUtIz1rYFz775wekl/UEDSQ3mU6xdxW7qzpvvhc2v28i3UtLsGTRB+u8OqDWoSX6Dz8gehaGFs6tCA==",
          "requires": {
            "complex.js": "2.0.4",
            "decimal.js": "9.0.1",
            "escape-latex": "^1.0.0",
            "fraction.js": "4.0.4",
            "javascript-natural-sort": "0.7.1",
            "seed-random": "2.2.0",
            "tiny-emitter": "2.0.2",
            "typed-function": "0.10.7"
          }
        }
      }
    },
    "mathjs": {
      "version": "4.4.2",
      "resolved": "https://registry.npmjs.org/mathjs/-/mathjs-4.4.2.tgz",
      "integrity": "sha512-T5zGIbDT/JGmzIu2Bocq4U8gbcmQVCyZaJbBCHKmJkLMQoWuh1SOuFH98doj1JEQwjpKkq3rqdUCuy3vLlBZOA==",
      "requires": {
        "complex.js": "2.0.10",
        "decimal.js": "9.0.1",
        "escape-latex": "1.0.3",
        "fraction.js": "4.0.8",
        "javascript-natural-sort": "0.7.1",
        "seed-random": "2.2.0",
        "tiny-emitter": "2.0.2",
        "typed-function": "1.0.3"
      },
      "dependencies": {
        "complex.js": {
          "version": "2.0.10",
          "resolved": "https://registry.npmjs.org/complex.js/-/complex.js-2.0.10.tgz",
          "integrity": "sha512-PsT3WqpnTjS2ijoMM8XodCi/BYO04vkS8kBg1YXcqf5KcnKVV6uXUc1eeLHhBksj8i7Vu9iQF2/6ZG9gqI6CPQ=="
        },
        "escape-latex": {
          "version": "1.0.3",
          "resolved": "https://registry.npmjs.org/escape-latex/-/escape-latex-1.0.3.tgz",
          "integrity": "sha512-GfKaG/7FOKdIdciylIzgaShBTPjdGQ5LJ2EcKLKXPLpcMO1MvCEVotkhydEShwCINRacZr2r3fk5A1PwZ4e5sA=="
        },
        "fraction.js": {
          "version": "4.0.8",
          "resolved": "https://registry.npmjs.org/fraction.js/-/fraction.js-4.0.8.tgz",
          "integrity": "sha512-8Jx2AkFIFQtFaF8wP7yUIW+lnCgzPbxsholryMZ+oPK6kKjY/nUrvMKtq1+A8aSAeFau7+G/zfO8aGk2Aw1wCA=="
        },
        "typed-function": {
          "version": "1.0.3",
          "resolved": "https://registry.npmjs.org/typed-function/-/typed-function-1.0.3.tgz",
          "integrity": "sha512-sVC/1pm70oELDFMdYtFXMFqyawenLoaDiAXA3QvOAwKF/WvFNTSJN23cY2lFNL8iP0kh3T0PPKewrboO8XUVGQ=="
        }
      }
    },
    "minimatch": {
      "version": "3.0.4",
      "resolved": "https://registry.npmjs.org/minimatch/-/minimatch-3.0.4.tgz",
      "integrity": "sha512-yJHVQEhyqPLUTgt9B83PXu6W3rx4MvvHvSUvToogpwoGDOUQ+yDrR0HRot+yOCdCO7u4hX3pWft6kWBBcqh0UA==",
      "requires": {
        "brace-expansion": "^1.1.7"
      }
    },
    "ml-array-max": {
      "version": "1.0.2",
      "resolved": "https://registry.npmjs.org/ml-array-max/-/ml-array-max-1.0.2.tgz",
      "integrity": "sha512-z8vWWTCJa5vLsbh3pZf7QRsAQy5sluD6Q1Sj4saJx9IGwgsNq7xuIt8aZYO2WQPjrhqOXsptYc7pz+41tr/YnA=="
    },
    "ml-array-min": {
      "version": "1.0.2",
      "resolved": "https://registry.npmjs.org/ml-array-min/-/ml-array-min-1.0.2.tgz",
      "integrity": "sha512-da6qyF3arRqMgLSg9O8bKR3W8ajjzFumRejEomtMvBpWq9VM7UbnRQKKfyfGeCs1G4dY3GfszOuM057NloAt0Q=="
    },
    "ml-array-rescale": {
      "version": "1.1.1",
      "resolved": "https://registry.npmjs.org/ml-array-rescale/-/ml-array-rescale-1.1.1.tgz",
      "integrity": "sha512-sbzwpz2neVg1/wC0HUlqEufQwhL+5T+XZEasMiQ+9w5w/elxVMer+DWXzWa/DDzGSVF/PtDlTFOgdG2uW5fgSw==",
      "requires": {
        "ml-array-max": "^1.0.2",
        "ml-array-min": "^1.0.2"
      }
    },
    "ml-matrix": {
      "version": "5.1.1",
      "resolved": "https://registry.npmjs.org/ml-matrix/-/ml-matrix-5.1.1.tgz",
      "integrity": "sha512-TKns+T+OOhE92qfF80qkaq4QGQhVm2VqQN/cdkMxwm/8r4cIBPQA225xnQmPt5yR/FEBlV484KLk0HNEBY6dTw==",
      "requires": {
        "ml-array-max": "^1.0.1",
        "ml-array-rescale": "^1.1.0"
      }
    },
    "ml-pad-array": {
      "version": "1.0.0",
      "resolved": "https://registry.npmjs.org/ml-pad-array/-/ml-pad-array-1.0.0.tgz",
      "integrity": "sha1-WOt3XtMbhaRUmYUyE2LXErWhDOM=",
      "requires": {
        "extend": "^3.0.0"
      }
    },
    "ml-savitzky-golay": {
      "version": "3.0.0",
      "resolved": "https://registry.npmjs.org/ml-savitzky-golay/-/ml-savitzky-golay-3.0.0.tgz",
      "integrity": "sha512-7VjL0OMy8e5xp13WALcJOvtvKK8ahf1msZoMd+TLAPZPT3+Uv3ap7b5r6H4DKxZDCsjA2BDqpk7aWzHJMAQBag==",
      "requires": {
        "extend": "^3.0.0",
        "ml-matrix": "^5.0.0",
        "ml-pad-array": "^1.0.0"
      }
    },
    "ml-savitzky-golay-generalized": {
      "version": "1.1.1",
      "resolved": "https://registry.npmjs.org/ml-savitzky-golay-generalized/-/ml-savitzky-golay-generalized-1.1.1.tgz",
      "integrity": "sha512-4fKIQ9r83KOvK2K5u/Dxs/sWodjOmQmwfktD1i5qyQ+CJf/kmUiG+e/Fzx/Uais24WzJ03HZCw3BpZ2T/+8F7g==",
      "requires": {
        "extend": "^3.0.0",
        "ml-stat": "^1.3.3"
      }
    },
    "ml-stat": {
      "version": "1.3.3",
      "resolved": "https://registry.npmjs.org/ml-stat/-/ml-stat-1.3.3.tgz",
      "integrity": "sha1-ilSTsPZzgvv3BcJg4HBDZlWn3Po="
    },
    "moving-averages": {
      "version": "4.0.5",
      "resolved": "https://registry.npmjs.org/moving-averages/-/moving-averages-4.0.5.tgz",
      "integrity": "sha512-ofrBYz5tIiN3E24a9Q5evRprvb1AQLciE4fnblpv8P0zM/pwwEdGj7GgDQwSxyrAVNe3hfzn9IB5nXi0zt92AA=="
    },
    "nopt": {
      "version": "3.0.6",
      "resolved": "https://registry.npmjs.org/nopt/-/nopt-3.0.6.tgz",
      "integrity": "sha1-xkZdvwirzU2zWTF/eaxopkayj/k=",
      "requires": {
        "abbrev": "1"
      }
    },
    "once": {
      "version": "1.4.0",
      "resolved": "https://registry.npmjs.org/once/-/once-1.4.0.tgz",
      "integrity": "sha1-WDsap3WWHUsROsF9nFC6753Xa9E=",
      "requires": {
        "wrappy": "1"
      }
    },
    "path-is-absolute": {
      "version": "1.0.1",
      "resolved": "https://registry.npmjs.org/path-is-absolute/-/path-is-absolute-1.0.1.tgz",
      "integrity": "sha1-F0uSaHNVNP+8es5r9TpanhtcX18="
    },
    "peaktools": {
      "version": "1.0.1",
      "resolved": "https://registry.npmjs.org/peaktools/-/peaktools-1.0.1.tgz",
      "integrity": "sha512-/Z9o9CVtSI7o5R8AGvLRnSQKny62Ttebzda1ewIafhUuBS5v3GfHqur+EzGCh7s4Fo+PEueN7/LBBCgRPeOdfg=="
    },
    "process-nextick-args": {
      "version": "1.0.7",
      "resolved": "https://registry.npmjs.org/process-nextick-args/-/process-nextick-args-1.0.7.tgz",
      "integrity": "sha1-FQ4gt1ZZCtP5EJPyWk8q2L/zC6M="
    },
    "readable-stream": {
      "version": "2.1.5",
      "resolved": "http://registry.npmjs.org/readable-stream/-/readable-stream-2.1.5.tgz",
      "integrity": "sha1-ZvqLcg4UOLNkaB8q0aY8YYRIydA=",
      "requires": {
        "buffer-shims": "^1.0.0",
        "core-util-is": "~1.0.0",
        "inherits": "~2.0.1",
        "isarray": "~1.0.0",
        "process-nextick-args": "~1.0.6",
        "string_decoder": "~0.10.x",
        "util-deprecate": "~1.0.1"
      }
    },
    "regression": {
      "version": "2.0.1",
      "resolved": "https://registry.npmjs.org/regression/-/regression-2.0.1.tgz",
      "integrity": "sha1-jSnD6CJKEIUMNeM36FqLL6w7DIc="
    },
    "seed-random": {
      "version": "2.2.0",
      "resolved": "https://registry.npmjs.org/seed-random/-/seed-random-2.2.0.tgz",
      "integrity": "sha1-KpsZ4lCoFwmSMaW5mk2vgLf77VQ="
    },
    "stream-transform": {
      "version": "1.0.2",
      "resolved": "https://registry.npmjs.org/stream-transform/-/stream-transform-1.0.2.tgz",
      "integrity": "sha512-LNcZSF01PZ+bM0OqwPY7UHPiKoxSmLGHAcqakvh01DCU98ONEslLORdyBPdmTqjTpZSfCiaYLV4sci9y5M47oA=="
    },
    "string_decoder": {
      "version": "0.10.31",
      "resolved": "https://registry.npmjs.org/string_decoder/-/string_decoder-0.10.31.tgz",
      "integrity": "sha1-YuIDvEF2bGwoyfyEMB2rHFMQ+pQ="
    },
    "tiny-emitter": {
      "version": "2.0.2",
      "resolved": "https://registry.npmjs.org/tiny-emitter/-/tiny-emitter-2.0.2.tgz",
      "integrity": "sha512-2NM0auVBGft5tee/OxP4PI3d8WItkDM+fPnaRAVo6xTDI2knbz9eC5ArWGqtGlYqiH3RU5yMpdyTTO7MguC4ow=="
    },
    "typed-function": {
      "version": "0.10.7",
      "resolved": "https://registry.npmjs.org/typed-function/-/typed-function-0.10.7.tgz",
      "integrity": "sha512-3mlZ5AwRMbLvUKkc8a1TI4RUJUS2H27pmD5q0lHRObgsoWzhDAX01yg82kwSP1FUw922/4Y9ZliIEh0qJZcz+g=="
    },
    "util-deprecate": {
      "version": "1.0.2",
      "resolved": "https://registry.npmjs.org/util-deprecate/-/util-deprecate-1.0.2.tgz",
      "integrity": "sha1-RQ1Nyfpw3nMnYvvS1KKJgUGaDM8="
    },
    "wrappy": {
      "version": "1.0.2",
      "resolved": "https://registry.npmjs.org/wrappy/-/wrappy-1.0.2.tgz",
      "integrity": "sha1-tSQ9jz7BqjXxNkYFvA0QNuMKtp8="
    }
  }
}
